
Microsoft Visual Studio Solution File, Format Version 12.00
# Visual Studio Version 17
VisualStudioVersion = 17.7.34018.315
MinimumVisualStudioVersion = 10.0.40219.1
Project("{888888A0-9F3D-457C-B088-3A5042F75D52}") = "SDEV_140_Final", "SDEV_140_Final\SDEV_140_Final.pyproj", "{85D475A8-CB6D-4FD0-A1E4-98A1542AE5CB}"
EndProject
Global
	GlobalSection(SolutionConfigurationPlatforms) = preSolution
		Debug|Any CPU = Debug|Any CPU
		Release|Any CPU = Release|Any CPU
	EndGlobalSection
	GlobalSection(ProjectConfigurationPlatforms) = postSolution
		{85D475A8-CB6D-4FD0-A1E4-98A1542AE5CB}.Debug|Any CPU.ActiveCfg = Debug|Any CPU
		{85D475A8-CB6D-4FD0-A1E4-98A1542AE5CB}.Release|Any CPU.ActiveCfg = Release|Any CPU
	EndGlobalSection
	GlobalSection(SolutionProperties) = preSolution
		HideSolutionNode = FALSE
	EndGlobalSection
	GlobalSection(ExtensibilityGlobals) = postSolution
		SolutionGuid = {79DB711C-F17F-4B60-8CA9-6EC6849C2897}
	EndGlobalSection
EndGlobal
